
Microsoft Visual Studio Solution File, Format Version 12.00
# Visual Studio Version 16
VisualStudioVersion = 16.0.28803.352
MinimumVisualStudioVersion = 10.0.40219.1
Project("{FAE04EC0-301F-11D3-BF4B-00C04F79EFBC}") = "Jaroty", "Jaroty\Jaroty.csproj", "{F8A45A3D-F66F-4891-A2CD-CAD60C9F94B1}"
EndProject
Global
	GlobalSection(SolutionConfigurationPlatforms) = preSolution
		Debug|Any CPU = Debug|Any CPU
		Release|Any CPU = Release|Any CPU
	EndGlobalSection
	GlobalSection(ProjectConfigurationPlatforms) = postSolution
		{F8A45A3D-F66F-4891-A2CD-CAD60C9F94B1}.Debug|Any CPU.ActiveCfg = Debug|Any CPU
		{F8A45A3D-F66F-4891-A2CD-CAD60C9F94B1}.Debug|Any CPU.Build.0 = Debug|Any CPU
		{F8A45A3D-F66F-4891-A2CD-CAD60C9F94B1}.Release|Any CPU.ActiveCfg = Release|Any CPU
		{F8A45A3D-F66F-4891-A2CD-CAD60C9F94B1}.Release|Any CPU.Build.0 = Release|Any CPU
	EndGlobalSection
	GlobalSection(SolutionProperties) = preSolution
		HideSolutionNode = FALSE
	EndGlobalSection
	GlobalSection(ExtensibilityGlobals) = postSolution
		SolutionGuid = {F6257D49-2387-4C98-A752-2AC9AF4451B7}
	EndGlobalSection
EndGlobal
